
Microsoft Visual Studio Solution File, Format Version 12.00
# Visual Studio 2013
VisualStudioVersion = 12.0.30501.0
MinimumVisualStudioVersion = 10.0.40219.1
Project("{F184B08F-C81C-45F6-A57F-5ABD9991F28F}") = "CursoVB_07_Comparativos", "CursoVB_07_Comparativos\CursoVB_07_Comparativos.vbproj", "{A7E0E0A4-53A8-400A-BD05-960C76C897F8}"
EndProject
Global
	GlobalSection(SolutionConfigurationPlatforms) = preSolution
		Debug|Any CPU = Debug|Any CPU
		Release|Any CPU = Release|Any CPU
	EndGlobalSection
	GlobalSection(ProjectConfigurationPlatforms) = postSolution
		{A7E0E0A4-53A8-400A-BD05-960C76C897F8}.Debug|Any CPU.ActiveCfg = Debug|Any CPU
		{A7E0E0A4-53A8-400A-BD05-960C76C897F8}.Debug|Any CPU.Build.0 = Debug|Any CPU
		{A7E0E0A4-53A8-400A-BD05-960C76C897F8}.Release|Any CPU.ActiveCfg = Release|Any CPU
		{A7E0E0A4-53A8-400A-BD05-960C76C897F8}.Release|Any CPU.Build.0 = Release|Any CPU
	EndGlobalSection
	GlobalSection(SolutionProperties) = preSolution
		HideSolutionNode = FALSE
	EndGlobalSection
EndGlobal
